
Microsoft Visual Studio Solution File, Format Version 12.00
# Visual Studio Version 17
VisualStudioVersion = 17.3.32804.467
MinimumVisualStudioVersion = 10.0.40219.1
Project("{00D1A9C2-B5F0-4AF3-8072-F6C62B433612}") = "GTFS-DB", "GTFS-DB\GTFS-DB.sqlproj", "{C8FAFCAA-0041-4C8A-A07B-1BF9649AA566}"
EndProject
Global
	GlobalSection(SolutionConfigurationPlatforms) = preSolution
		Debug|Any CPU = Debug|Any CPU
		Release|Any CPU = Release|Any CPU
	EndGlobalSection
	GlobalSection(ProjectConfigurationPlatforms) = postSolution
		{C8FAFCAA-0041-4C8A-A07B-1BF9649AA566}.Debug|Any CPU.ActiveCfg = Debug|Any CPU
		{C8FAFCAA-0041-4C8A-A07B-1BF9649AA566}.Debug|Any CPU.Build.0 = Debug|Any CPU
		{C8FAFCAA-0041-4C8A-A07B-1BF9649AA566}.Debug|Any CPU.Deploy.0 = Debug|Any CPU
		{C8FAFCAA-0041-4C8A-A07B-1BF9649AA566}.Release|Any CPU.ActiveCfg = Release|Any CPU
		{C8FAFCAA-0041-4C8A-A07B-1BF9649AA566}.Release|Any CPU.Build.0 = Release|Any CPU
		{C8FAFCAA-0041-4C8A-A07B-1BF9649AA566}.Release|Any CPU.Deploy.0 = Release|Any CPU
	EndGlobalSection
	GlobalSection(SolutionProperties) = preSolution
		HideSolutionNode = FALSE
	EndGlobalSection
	GlobalSection(ExtensibilityGlobals) = postSolution
		SolutionGuid = {459FD956-F2CC-4040-BD88-326A8D373642}
	EndGlobalSection
EndGlobal
